{
	"name": "ajax-worker",
	"version": "0.2.8",
	"lockfileVersion": 1,
	"requires": true,
	"dependencies": {
		"@types/node": {
			"version": "8.5.1",
			"resolved": "https://registry.npmjs.org/@types/node/-/node-8.5.1.tgz",
			"integrity": "sha512-SrmAO+NhnsuG/6TychSl2VdxBZiw/d6V+8j+DFo8O3PwFi+QeYXWHhAw+b170aSc6zYab6/PjEWRZHIDN9mNUw==",
			"dev": true
		},
		"object-hash": {
			"version": "1.2.0",
			"resolved": "https://registry.npmjs.org/object-hash/-/object-hash-1.2.0.tgz",
			"integrity": "sha512-smRWXzkvxw72VquyZ0wggySl7PFUtoDhvhpdwgESXxUrH7vVhhp9asfup1+rVLrhsl7L45Ee1Q/l5R2Ul4MwUg=="
		},
		"punycode": {
			"version": "https://registry.npmjs.org/punycode/-/punycode-1.3.2.tgz",
			"integrity": "sha1-llOgNvt8HuQjQvIyXM7v6jkmxI0="
		},
		"querystring": {
			"version": "https://registry.npmjs.org/querystring/-/querystring-0.2.0.tgz",
			"integrity": "sha1-sgmEkgO7Jd+CDadW50cAWHhSFiA="
		},
		"resolve-relative-url": {
			"version": "https://registry.npmjs.org/resolve-relative-url/-/resolve-relative-url-1.0.0.tgz",
			"integrity": "sha1-2JbpVV4K7p0uAYD0BgFL3jyRV8k=",
			"requires": {
				"url": "https://registry.npmjs.org/url/-/url-0.10.3.tgz"
			}
		},
		"typescript": {
			"version": "2.6.2",
			"resolved": "https://registry.npmjs.org/typescript/-/typescript-2.6.2.tgz",
			"integrity": "sha1-PFtv1/beCRQmkCfwPAlGdY92c6Q=",
			"dev": true
		},
		"url": {
			"version": "https://registry.npmjs.org/url/-/url-0.10.3.tgz",
			"integrity": "sha1-Ah5NnHcF8hu/N9A861h2dAJ3TGQ=",
			"requires": {
				"punycode": "https://registry.npmjs.org/punycode/-/punycode-1.3.2.tgz",
				"querystring": "https://registry.npmjs.org/querystring/-/querystring-0.2.0.tgz"
			}
		}
	}
}
